// !$*UTF8*$!
{
	archiveVersion = 1;
	classes = {
	};
	objectVersion = 46;
	objects = {

/* Begin PBXBuildFile section */
		DA03303C186AA57000C95162 /* LICENSE in Resources */ = {isa = PBXBuildFile; fileRef = DA03303A186AA57000C95162 /* LICENSE */; };
		DA03303D186AA57000C95162 /* README.md in Resources */ = {isa = PBXBuildFile; fileRef = DA03303B186AA57000C95162 /* README.md */; };
		DA0BF4F7186C775D00EBF1AE /* PGRAstroPlanet.m in Sources */ = {isa = PBXBuildFile; fileRef = DA0BF4F6186C775D00EBF1AE /* PGRAstroPlanet.m */; };
		DA0BF4F8186C775D00EBF1AE /* PGRAstroPlanet.m in Sources */ = {isa = PBXBuildFile; fileRef = DA0BF4F6186C775D00EBF1AE /* PGRAstroPlanet.m */; };
		DA0BF4FB186C79A400EBF1AE /* PGRAstroMajorBody.m in Sources */ = {isa = PBXBuildFile; fileRef = DA0BF4FA186C79A400EBF1AE /* PGRAstroMajorBody.m */; };
		DA0BF4FC186C79A400EBF1AE /* PGRAstroMajorBody.m in Sources */ = {isa = PBXBuildFile; fileRef = DA0BF4FA186C79A400EBF1AE /* PGRAstroMajorBody.m */; };
		DA0BF4FF186C79BE00EBF1AE /* PGRAstroPlanets.m in Sources */ = {isa = PBXBuildFile; fileRef = DA0BF4FE186C79BE00EBF1AE /* PGRAstroPlanets.m */; };
		DA0BF500186C79BE00EBF1AE /* PGRAstroPlanets.m in Sources */ = {isa = PBXBuildFile; fileRef = DA0BF4FE186C79BE00EBF1AE /* PGRAstroPlanets.m */; };
		DA0CFE3D186DEC1C0031629C /* PPDateViewController.m in Sources */ = {isa = PBXBuildFile; fileRef = DA0CFE3C186DEC1C0031629C /* PPDateViewController.m */; };
		DA0CFE3F186DFD570031629C /* TestMakeRoman.m in Sources */ = {isa = PBXBuildFile; fileRef = DA0CFE3E186DFD570031629C /* TestMakeRoman.m */; };
		DA0CFE41186E12860031629C /* TestThelemicYear.m in Sources */ = {isa = PBXBuildFile; fileRef = DA0CFE40186E12860031629C /* TestThelemicYear.m */; };
		DA13CA19186C8E8B00F8280A /* TestPlanetPositions.m in Sources */ = {isa = PBXBuildFile; fileRef = DA13CA18186C8E8B00F8280A /* TestPlanetPositions.m */; };
		DA13CA1E186CD56000F8280A /* PGRAstroMoonBase.m in Sources */ = {isa = PBXBuildFile; fileRef = DA13CA1D186CD56000F8280A /* PGRAstroMoonBase.m */; };
		DA13CA1F186CD56000F8280A /* PGRAstroMoonBase.m in Sources */ = {isa = PBXBuildFile; fileRef = DA13CA1D186CD56000F8280A /* PGRAstroMoonBase.m */; };
		DA13CA22186CE0F200F8280A /* PGRAstroMoon.m in Sources */ = {isa = PBXBuildFile; fileRef = DA13CA21186CE0F200F8280A /* PGRAstroMoon.m */; };
		DA13CA23186CE0F200F8280A /* PGRAstroMoon.m in Sources */ = {isa = PBXBuildFile; fileRef = DA13CA21186CE0F200F8280A /* PGRAstroMoon.m */; };
		DA13CA26186D011C00F8280A /* PlanetPositionTableViewController.m in Sources */ = {isa = PBXBuildFile; fileRef = DA13CA25186D011C00F8280A /* PlanetPositionTableViewController.m */; };
		DA13CA27186D011C00F8280A /* PlanetPositionTableViewController.m in Sources */ = {isa = PBXBuildFile; fileRef = DA13CA25186D011C00F8280A /* PlanetPositionTableViewController.m */; };
		DA13CA2A186D016E00F8280A /* PlanetPositionPlanetListTableViewCell.m in Sources */ = {isa = PBXBuildFile; fileRef = DA13CA29186D016E00F8280A /* PlanetPositionPlanetListTableViewCell.m */; };
		DA13CA2B186D016E00F8280A /* PlanetPositionPlanetListTableViewCell.m in Sources */ = {isa = PBXBuildFile; fileRef = DA13CA29186D016E00F8280A /* PlanetPositionPlanetListTableViewCell.m */; };
		DA13CA2E186D048100F8280A /* PlanetPositionPlanetsGroup.m in Sources */ = {isa = PBXBuildFile; fileRef = DA13CA2D186D048100F8280A /* PlanetPositionPlanetsGroup.m */; };
		DA13CA2F186D048100F8280A /* PlanetPositionPlanetsGroup.m in Sources */ = {isa = PBXBuildFile; fileRef = DA13CA2D186D048100F8280A /* PlanetPositionPlanetsGroup.m */; };
		DA5D53CA187119A800387883 /* TestUTCDateComponents.m in Sources */ = {isa = PBXBuildFile; fileRef = DA5D53C9187119A800387883 /* TestUTCDateComponents.m */; };
		DA5D53CC1871217B00387883 /* TestRascAndDeclStrings.m in Sources */ = {isa = PBXBuildFile; fileRef = DA5D53CB1871217A00387883 /* TestRascAndDeclStrings.m */; };
		DA621AD6186D58BB0092C293 /* PlanetDetailsViewController.m in Sources */ = {isa = PBXBuildFile; fileRef = DA621AD5186D58BB0092C293 /* PlanetDetailsViewController.m */; };
		DA6231B0186FB7E200EAD158 /* TestPlanetDetails.m in Sources */ = {isa = PBXBuildFile; fileRef = DA6231AF186FB7E200EAD158 /* TestPlanetDetails.m */; };
		DA6231B2186FBA7600EAD158 /* TestAstroDateGroup.m in Sources */ = {isa = PBXBuildFile; fileRef = DA6231B1186FBA7600EAD158 /* TestAstroDateGroup.m */; };
		DAA7A328187080EC00056962 /* TestPlanetGroup.m in Sources */ = {isa = PBXBuildFile; fileRef = DAA7A327187080EC00056962 /* TestPlanetGroup.m */; };
		DABE3C6B186E4EE5003C93E9 /* PGRMathHelpers.m in Sources */ = {isa = PBXBuildFile; fileRef = DABE3C6A186E4EE5003C93E9 /* PGRMathHelpers.m */; };
		DABE3C6C186E4EE5003C93E9 /* PGRMathHelpers.m in Sources */ = {isa = PBXBuildFile; fileRef = DABE3C6A186E4EE5003C93E9 /* PGRMathHelpers.m */; };
		DABE3C71186E58D0003C93E9 /* PGRDateHelpers.m in Sources */ = {isa = PBXBuildFile; fileRef = DABE3C70186E58D0003C93E9 /* PGRDateHelpers.m */; };
		DABE3C72186E58D0003C93E9 /* PGRDateHelpers.m in Sources */ = {isa = PBXBuildFile; fileRef = DABE3C70186E58D0003C93E9 /* PGRDateHelpers.m */; };
		DABE3C76186E5F78003C93E9 /* PGPlanetDetails.m in Sources */ = {isa = PBXBuildFile; fileRef = DABE3C75186E5F78003C93E9 /* PGPlanetDetails.m */; };
		DABE3C77186E5F78003C93E9 /* PGPlanetDetails.m in Sources */ = {isa = PBXBuildFile; fileRef = DABE3C75186E5F78003C93E9 /* PGPlanetDetails.m */; };
		DABE3C7B186E75C6003C93E9 /* AstroDateGroup.m in Sources */ = {isa = PBXBuildFile; fileRef = DABE3C7A186E75C6003C93E9 /* AstroDateGroup.m */; };
		DABE3C7C186E75C6003C93E9 /* AstroDateGroup.m in Sources */ = {isa = PBXBuildFile; fileRef = DABE3C7A186E75C6003C93E9 /* AstroDateGroup.m */; };
		DAF3C88F186A7C9700AA2E24 /* Foundation.framework in Frameworks */ = {isa = PBXBuildFile; fileRef = DAF3C88E186A7C9700AA2E24 /* Foundation.framework */; };
		DAF3C891186A7C9700AA2E24 /* CoreGraphics.framework in Frameworks */ = {isa = PBXBuildFile; fileRef = DAF3C890186A7C9700AA2E24 /* CoreGraphics.framework */; };
		DAF3C893186A7C9700AA2E24 /* UIKit.framework in Frameworks */ = {isa = PBXBuildFile; fileRef = DAF3C892186A7C9700AA2E24 /* UIKit.framework */; };
		DAF3C899186A7C9700AA2E24 /* InfoPlist.strings in Resources */ = {isa = PBXBuildFile; fileRef = DAF3C897186A7C9700AA2E24 /* InfoPlist.strings */; };
		DAF3C89B186A7C9700AA2E24 /* main.m in Sources */ = {isa = PBXBuildFile; fileRef = DAF3C89A186A7C9700AA2E24 /* main.m */; };
		DAF3C89F186A7C9700AA2E24 /* PlanetPositionAppDelegate.m in Sources */ = {isa = PBXBuildFile; fileRef = DAF3C89E186A7C9700AA2E24 /* PlanetPositionAppDelegate.m */; };
		DAF3C8A2186A7C9700AA2E24 /* Main.storyboard in Resources */ = {isa = PBXBuildFile; fileRef = DAF3C8A0186A7C9700AA2E24 /* Main.storyboard */; };
		DAF3C8A7186A7C9700AA2E24 /* Images.xcassets in Resources */ = {isa = PBXBuildFile; fileRef = DAF3C8A6186A7C9700AA2E24 /* Images.xcassets */; };
		DAF3C8AE186A7C9700AA2E24 /* XCTest.framework in Frameworks */ = {isa = PBXBuildFile; fileRef = DAF3C8AD186A7C9700AA2E24 /* XCTest.framework */; };
		DAF3C8AF186A7C9700AA2E24 /* Foundation.framework in Frameworks */ = {isa = PBXBuildFile; fileRef = DAF3C88E186A7C9700AA2E24 /* Foundation.framework */; };
		DAF3C8B0186A7C9700AA2E24 /* UIKit.framework in Frameworks */ = {isa = PBXBuildFile; fileRef = DAF3C892186A7C9700AA2E24 /* UIKit.framework */; };
		DAF3C8B8186A7C9700AA2E24 /* InfoPlist.strings in Resources */ = {isa = PBXBuildFile; fileRef = DAF3C8B6186A7C9700AA2E24 /* InfoPlist.strings */; };
		DAF3C8C5186A80F800AA2E24 /* PGRAstroGeneral.m in Sources */ = {isa = PBXBuildFile; fileRef = DAF3C8C4186A80F800AA2E24 /* PGRAstroGeneral.m */; };
		DAF3C8C6186A80F800AA2E24 /* PGRAstroGeneral.m in Sources */ = {isa = PBXBuildFile; fileRef = DAF3C8C4186A80F800AA2E24 /* PGRAstroGeneral.m */; };
		DAF3C8C8186A916800AA2E24 /* TestNormalizeDegrees.m in Sources */ = {isa = PBXBuildFile; fileRef = DAF3C8C7186A916800AA2E24 /* TestNormalizeDegrees.m */; };
		DAF3C8CA186A932800AA2E24 /* TestKepler.m in Sources */ = {isa = PBXBuildFile; fileRef = DAF3C8C9186A932800AA2E24 /* TestKepler.m */; };
		DAF3C8CC186A95B700AA2E24 /* TestRascToZodiac.m in Sources */ = {isa = PBXBuildFile; fileRef = DAF3C8CB186A95B700AA2E24 /* TestRascToZodiac.m */; };
		DAF3C8CE186A96D900AA2E24 /* TestZodiacNames.m in Sources */ = {isa = PBXBuildFile; fileRef = DAF3C8CD186A96D900AA2E24 /* TestZodiacNames.m */; };
		DAF3C8D0186A990600AA2E24 /* TestJulianDay.m in Sources */ = {isa = PBXBuildFile; fileRef = DAF3C8CF186A990600AA2E24 /* TestJulianDay.m */; };
/* End PBXBuildFile section */

/* Begin PBXContainerItemProxy section */
		DAF3C8B1186A7C9700AA2E24 /* PBXContainerItemProxy */ = {
			isa = PBXContainerItemProxy;
			containerPortal = DAF3C883186A7C9700AA2E24 /* Project object */;
			proxyType = 1;
			remoteGlobalIDString = DAF3C88A186A7C9700AA2E24;
			remoteInfo = PlanetPosition;
		};
/* End PBXContainerItemProxy section */

/* Begin PBXFileReference section */
		DA03303A186AA57000C95162 /* LICENSE */ = {isa = PBXFileReference; fileEncoding = 4; lastKnownFileType = text; path = LICENSE; sourceTree = "<group>"; };
		DA03303B186AA57000C95162 /* README.md */ = {isa = PBXFileReference; fileEncoding = 4; lastKnownFileType = text; path = README.md; sourceTree = "<group>"; };
		DA0BF4F5186C775D00EBF1AE /* PGRAstroPlanet.h */ = {isa = PBXFileReference; fileEncoding = 4; lastKnownFileType = sourcecode.c.h; path = PGRAstroPlanet.h; sourceTree = "<group>"; };
		DA0BF4F6186C775D00EBF1AE /* PGRAstroPlanet.m */ = {isa = PBXFileReference; fileEncoding = 4; lastKnownFileType = sourcecode.c.objc; path = PGRAstroPlanet.m; sourceTree = "<group>"; };
		DA0BF4F9186C79A400EBF1AE /* PGRAstroMajorBody.h */ = {isa = PBXFileReference; fileEncoding = 4; lastKnownFileType = sourcecode.c.h; path = PGRAstroMajorBody.h; sourceTree = "<group>"; };
		DA0BF4FA186C79A400EBF1AE /* PGRAstroMajorBody.m */ = {isa = PBXFileReference; fileEncoding = 4; lastKnownFileType = sourcecode.c.objc; path = PGRAstroMajorBody.m; sourceTree = "<group>"; };
		DA0BF4FD186C79BE00EBF1AE /* PGRAstroPlanets.h */ = {isa = PBXFileReference; fileEncoding = 4; lastKnownFileType = sourcecode.c.h; path = PGRAstroPlanets.h; sourceTree = "<group>"; };
		DA0BF4FE186C79BE00EBF1AE /* PGRAstroPlanets.m */ = {isa = PBXFileReference; fileEncoding = 4; lastKnownFileType = sourcecode.c.objc; path = PGRAstroPlanets.m; sourceTree = "<group>"; };
		DA0CFE3B186DEC1C0031629C /* PPDateViewController.h */ = {isa = PBXFileReference; fileEncoding = 4; lastKnownFileType = sourcecode.c.h; path = PPDateViewController.h; sourceTree = "<group>"; };
		DA0CFE3C186DEC1C0031629C /* PPDateViewController.m */ = {isa = PBXFileReference; fileEncoding = 4; lastKnownFileType = sourcecode.c.objc; path = PPDateViewController.m; sourceTree = "<group>"; };
		DA0CFE3E186DFD570031629C /* TestMakeRoman.m */ = {isa = PBXFileReference; fileEncoding = 4; lastKnownFileType = sourcecode.c.objc; path = TestMakeRoman.m; sourceTree = "<group>"; };
		DA0CFE40186E12860031629C /* TestThelemicYear.m */ = {isa = PBXFileReference; fileEncoding = 4; lastKnownFileType = sourcecode.c.objc; path = TestThelemicYear.m; sourceTree = "<group>"; };
		DA13CA18186C8E8B00F8280A /* TestPlanetPositions.m */ = {isa = PBXFileReference; fileEncoding = 4; lastKnownFileType = sourcecode.c.objc; path = TestPlanetPositions.m; sourceTree = "<group>"; };
		DA13CA1B186CD25C00F8280A /* PGRAstro.h */ = {isa = PBXFileReference; lastKnownFileType = sourcecode.c.h; path = PGRAstro.h; sourceTree = "<group>"; };
		DA13CA1C186CD56000F8280A /* PGRAstroMoonBase.h */ = {isa = PBXFileReference; fileEncoding = 4; lastKnownFileType = sourcecode.c.h; path = PGRAstroMoonBase.h; sourceTree = "<group>"; };
		DA13CA1D186CD56000F8280A /* PGRAstroMoonBase.m */ = {isa = PBXFileReference; fileEncoding = 4; lastKnownFileType = sourcecode.c.objc; path = PGRAstroMoonBase.m; sourceTree = "<group>"; };
		DA13CA20186CE0F200F8280A /* PGRAstroMoon.h */ = {isa = PBXFileReference; fileEncoding = 4; lastKnownFileType = sourcecode.c.h; path = PGRAstroMoon.h; sourceTree = "<group>"; };
		DA13CA21186CE0F200F8280A /* PGRAstroMoon.m */ = {isa = PBXFileReference; fileEncoding = 4; lastKnownFileType = sourcecode.c.objc; path = PGRAstroMoon.m; sourceTree = "<group>"; };
		DA13CA24186D011C00F8280A /* PlanetPositionTableViewController.h */ = {isa = PBXFileReference; fileEncoding = 4; lastKnownFileType = sourcecode.c.h; path = PlanetPositionTableViewController.h; sourceTree = "<group>"; };
		DA13CA25186D011C00F8280A /* PlanetPositionTableViewController.m */ = {isa = PBXFileReference; fileEncoding = 4; lastKnownFileType = sourcecode.c.objc; path = PlanetPositionTableViewController.m; sourceTree = "<group>"; };
		DA13CA28186D016E00F8280A /* PlanetPositionPlanetListTableViewCell.h */ = {isa = PBXFileReference; fileEncoding = 4; lastKnownFileType = sourcecode.c.h; path = PlanetPositionPlanetListTableViewCell.h; sourceTree = "<group>"; };
		DA13CA29186D016E00F8280A /* PlanetPositionPlanetListTableViewCell.m */ = {isa = PBXFileReference; fileEncoding = 4; lastKnownFileType = sourcecode.c.objc; path = PlanetPositionPlanetListTableViewCell.m; sourceTree = "<group>"; };
		DA13CA2C186D048100F8280A /* PlanetPositionPlanetsGroup.h */ = {isa = PBXFileReference; fileEncoding = 4; lastKnownFileType = sourcecode.c.h; path = PlanetPositionPlanetsGroup.h; sourceTree = "<group>"; };
		DA13CA2D186D048100F8280A /* PlanetPositionPlanetsGroup.m */ = {isa = PBXFileReference; fileEncoding = 4; lastKnownFileType = sourcecode.c.objc; path = PlanetPositionPlanetsGroup.m; sourceTree = "<group>"; };
		DA5D53C9187119A800387883 /* TestUTCDateComponents.m */ = {isa = PBXFileReference; fileEncoding = 4; lastKnownFileType = sourcecode.c.objc; path = TestUTCDateComponents.m; sourceTree = "<group>"; };
		DA5D53CB1871217A00387883 /* TestRascAndDeclStrings.m */ = {isa = PBXFileReference; fileEncoding = 4; lastKnownFileType = sourcecode.c.objc; path = TestRascAndDeclStrings.m; sourceTree = "<group>"; };
		DA621AD4186D58BB0092C293 /* PlanetDetailsViewController.h */ = {isa = PBXFileReference; fileEncoding = 4; lastKnownFileType = sourcecode.c.h; path = PlanetDetailsViewController.h; sourceTree = "<group>"; };
		DA621AD5186D58BB0092C293 /* PlanetDetailsViewController.m */ = {isa = PBXFileReference; fileEncoding = 4; lastKnownFileType = sourcecode.c.objc; path = PlanetDetailsViewController.m; sourceTree = "<group>"; };
		DA6231AF186FB7E200EAD158 /* TestPlanetDetails.m */ = {isa = PBXFileReference; fileEncoding = 4; lastKnownFileType = sourcecode.c.objc; path = TestPlanetDetails.m; sourceTree = "<group>"; };
		DA6231B1186FBA7600EAD158 /* TestAstroDateGroup.m */ = {isa = PBXFileReference; fileEncoding = 4; lastKnownFileType = sourcecode.c.objc; path = TestAstroDateGroup.m; sourceTree = "<group>"; };
		DAA7A327187080EC00056962 /* TestPlanetGroup.m */ = {isa = PBXFileReference; fileEncoding = 4; lastKnownFileType = sourcecode.c.objc; path = TestPlanetGroup.m; sourceTree = "<group>"; };
		DABE3C69186E4EE5003C93E9 /* PGRMathHelpers.h */ = {isa = PBXFileReference; fileEncoding = 4; lastKnownFileType = sourcecode.c.h; path = PGRMathHelpers.h; sourceTree = "<group>"; };
		DABE3C6A186E4EE5003C93E9 /* PGRMathHelpers.m */ = {isa = PBXFileReference; fileEncoding = 4; lastKnownFileType = sourcecode.c.objc; path = PGRMathHelpers.m; sourceTree = "<group>"; };
		DABE3C6F186E58D0003C93E9 /* PGRDateHelpers.h */ = {isa = PBXFileReference; fileEncoding = 4; lastKnownFileType = sourcecode.c.h; path = PGRDateHelpers.h; sourceTree = "<group>"; };
		DABE3C70186E58D0003C93E9 /* PGRDateHelpers.m */ = {isa = PBXFileReference; fileEncoding = 4; lastKnownFileType = sourcecode.c.objc; path = PGRDateHelpers.m; sourceTree = "<group>"; };
		DABE3C74186E5F78003C93E9 /* PGPlanetDetails.h */ = {isa = PBXFileReference; fileEncoding = 4; lastKnownFileType = sourcecode.c.h; path = PGPlanetDetails.h; sourceTree = "<group>"; };
		DABE3C75186E5F78003C93E9 /* PGPlanetDetails.m */ = {isa = PBXFileReference; fileEncoding = 4; lastKnownFileType = sourcecode.c.objc; path = PGPlanetDetails.m; sourceTree = "<group>"; };
		DABE3C79186E75C6003C93E9 /* AstroDateGroup.h */ = {isa = PBXFileReference; fileEncoding = 4; lastKnownFileType = sourcecode.c.h; path = AstroDateGroup.h; sourceTree = "<group>"; };
		DABE3C7A186E75C6003C93E9 /* AstroDateGroup.m */ = {isa = PBXFileReference; fileEncoding = 4; lastKnownFileType = sourcecode.c.objc; path = AstroDateGroup.m; sourceTree = "<group>"; };
		DAF3C88B186A7C9700AA2E24 /* Planet Pos.app */ = {isa = PBXFileReference; explicitFileType = wrapper.application; includeInIndex = 0; path = "Planet Pos.app"; sourceTree = BUILT_PRODUCTS_DIR; };
		DAF3C88E186A7C9700AA2E24 /* Foundation.framework */ = {isa = PBXFileReference; lastKnownFileType = wrapper.framework; name = Foundation.framework; path = System/Library/Frameworks/Foundation.framework; sourceTree = SDKROOT; };
		DAF3C890186A7C9700AA2E24 /* CoreGraphics.framework */ = {isa = PBXFileReference; lastKnownFileType = wrapper.framework; name = CoreGraphics.framework; path = System/Library/Frameworks/CoreGraphics.framework; sourceTree = SDKROOT; };
		DAF3C892186A7C9700AA2E24 /* UIKit.framework */ = {isa = PBXFileReference; lastKnownFileType = wrapper.framework; name = UIKit.framework; path = System/Library/Frameworks/UIKit.framework; sourceTree = SDKROOT; };
		DAF3C896186A7C9700AA2E24 /* PlanetPosition-Info.plist */ = {isa = PBXFileReference; lastKnownFileType = text.plist.xml; path = "PlanetPosition-Info.plist"; sourceTree = "<group>"; };
		DAF3C898186A7C9700AA2E24 /* en */ = {isa = PBXFileReference; lastKnownFileType = text.plist.strings; name = en; path = en.lproj/InfoPlist.strings; sourceTree = "<group>"; };
		DAF3C89A186A7C9700AA2E24 /* main.m */ = {isa = PBXFileReference; lastKnownFileType = sourcecode.c.objc; path = main.m; sourceTree = "<group>"; };
		DAF3C89C186A7C9700AA2E24 /* PlanetPosition-Prefix.pch */ = {isa = PBXFileReference; lastKnownFileType = sourcecode.c.h; path = "PlanetPosition-Prefix.pch"; sourceTree = "<group>"; };
		DAF3C89D186A7C9700AA2E24 /* PlanetPositionAppDelegate.h */ = {isa = PBXFileReference; lastKnownFileType = sourcecode.c.h; path = PlanetPositionAppDelegate.h; sourceTree = "<group>"; };
		DAF3C89E186A7C9700AA2E24 /* PlanetPositionAppDelegate.m */ = {isa = PBXFileReference; lastKnownFileType = sourcecode.c.objc; path = PlanetPositionAppDelegate.m; sourceTree = "<group>"; };
		DAF3C8A1186A7C9700AA2E24 /* Base */ = {isa = PBXFileReference; lastKnownFileType = file.storyboard; name = Base; path = Base.lproj/Main.storyboard; sourceTree = "<group>"; };
		DAF3C8A6186A7C9700AA2E24 /* Images.xcassets */ = {isa = PBXFileReference; lastKnownFileType = folder.assetcatalog; path = Images.xcassets; sourceTree = "<group>"; };
		DAF3C8AC186A7C9700AA2E24 /* PlanetPositionTests.xctest */ = {isa = PBXFileReference; explicitFileType = wrapper.cfbundle; includeInIndex = 0; path = PlanetPositionTests.xctest; sourceTree = BUILT_PRODUCTS_DIR; };
		DAF3C8AD186A7C9700AA2E24 /* XCTest.framework */ = {isa = PBXFileReference; lastKnownFileType = wrapper.framework; name = XCTest.framework; path = Library/Frameworks/XCTest.framework; sourceTree = DEVELOPER_DIR; };
		DAF3C8B5186A7C9700AA2E24 /* PlanetPositionTests-Info.plist */ = {isa = PBXFileReference; lastKnownFileType = text.plist.xml; path = "PlanetPositionTests-Info.plist"; sourceTree = "<group>"; };
		DAF3C8B7186A7C9700AA2E24 /* en */ = {isa = PBXFileReference; lastKnownFileType = text.plist.strings; name = en; path = en.lproj/InfoPlist.strings; sourceTree = "<group>"; };
		DAF3C8C3186A80F800AA2E24 /* PGRAstroGeneral.h */ = {isa = PBXFileReference; fileEncoding = 4; lastKnownFileType = sourcecode.c.h; path = PGRAstroGeneral.h; sourceTree = "<group>"; };
		DAF3C8C4186A80F800AA2E24 /* PGRAstroGeneral.m */ = {isa = PBXFileReference; fileEncoding = 4; lastKnownFileType = sourcecode.c.objc; path = PGRAstroGeneral.m; sourceTree = "<group>"; };
		DAF3C8C7186A916800AA2E24 /* TestNormalizeDegrees.m */ = {isa = PBXFileReference; fileEncoding = 4; lastKnownFileType = sourcecode.c.objc; path = TestNormalizeDegrees.m; sourceTree = "<group>"; };
		DAF3C8C9186A932800AA2E24 /* TestKepler.m */ = {isa = PBXFileReference; fileEncoding = 4; lastKnownFileType = sourcecode.c.objc; path = TestKepler.m; sourceTree = "<group>"; };
		DAF3C8CB186A95B700AA2E24 /* TestRascToZodiac.m */ = {isa = PBXFileReference; fileEncoding = 4; lastKnownFileType = sourcecode.c.objc; path = TestRascToZodiac.m; sourceTree = "<group>"; };
		DAF3C8CD186A96D900AA2E24 /* TestZodiacNames.m */ = {isa = PBXFileReference; fileEncoding = 4; lastKnownFileType = sourcecode.c.objc; path = TestZodiacNames.m; sourceTree = "<group>"; };
		DAF3C8CF186A990600AA2E24 /* TestJulianDay.m */ = {isa = PBXFileReference; fileEncoding = 4; lastKnownFileType = sourcecode.c.objc; path = TestJulianDay.m; sourceTree = "<group>"; };
/* End PBXFileReference section */

/* Begin PBXFrameworksBuildPhase section */
		DAF3C888186A7C9700AA2E24 /* Frameworks */ = {
			isa = PBXFrameworksBuildPhase;
			buildActionMask = 2147483647;
			files = (
				DAF3C891186A7C9700AA2E24 /* CoreGraphics.framework in Frameworks */,
				DAF3C893186A7C9700AA2E24 /* UIKit.framework in Frameworks */,
				DAF3C88F186A7C9700AA2E24 /* Foundation.framework in Frameworks */,
			);
			runOnlyForDeploymentPostprocessing = 0;
		};
		DAF3C8A9186A7C9700AA2E24 /* Frameworks */ = {
			isa = PBXFrameworksBuildPhase;
			buildActionMask = 2147483647;
			files = (
				DAF3C8AE186A7C9700AA2E24 /* XCTest.framework in Frameworks */,
				DAF3C8B0186A7C9700AA2E24 /* UIKit.framework in Frameworks */,
				DAF3C8AF186A7C9700AA2E24 /* Foundation.framework in Frameworks */,
			);
			runOnlyForDeploymentPostprocessing = 0;
		};
/* End PBXFrameworksBuildPhase section */

/* Begin PBXGroup section */
		DA13CA1A186CD24400F8280A /* PGRAstro */ = {
			isa = PBXGroup;
			children = (
				DA13CA1B186CD25C00F8280A /* PGRAstro.h */,
				DAF3C8C3186A80F800AA2E24 /* PGRAstroGeneral.h */,
				DAF3C8C4186A80F800AA2E24 /* PGRAstroGeneral.m */,
				DA0BF4F5186C775D00EBF1AE /* PGRAstroPlanet.h */,
				DA0BF4F6186C775D00EBF1AE /* PGRAstroPlanet.m */,
				DA0BF4F9186C79A400EBF1AE /* PGRAstroMajorBody.h */,
				DA0BF4FA186C79A400EBF1AE /* PGRAstroMajorBody.m */,
				DA0BF4FD186C79BE00EBF1AE /* PGRAstroPlanets.h */,
				DA0BF4FE186C79BE00EBF1AE /* PGRAstroPlanets.m */,
				DA13CA1C186CD56000F8280A /* PGRAstroMoonBase.h */,
				DA13CA1D186CD56000F8280A /* PGRAstroMoonBase.m */,
				DA13CA20186CE0F200F8280A /* PGRAstroMoon.h */,
				DA13CA21186CE0F200F8280A /* PGRAstroMoon.m */,
			);
			name = PGRAstro;
			sourceTree = "<group>";
		};
		DABE3C6D186E4EEE003C93E9 /* PGRMathHelpers */ = {
			isa = PBXGroup;
			children = (
				DABE3C69186E4EE5003C93E9 /* PGRMathHelpers.h */,
				DABE3C6A186E4EE5003C93E9 /* PGRMathHelpers.m */,
			);
			name = PGRMathHelpers;
			sourceTree = "<group>";
		};
		DABE3C6E186E563D003C93E9 /* View Controllers */ = {
			isa = PBXGroup;
			children = (
				DA0CFE3B186DEC1C0031629C /* PPDateViewController.h */,
				DA0CFE3C186DEC1C0031629C /* PPDateViewController.m */,
				DA621AD4186D58BB0092C293 /* PlanetDetailsViewController.h */,
				DA621AD5186D58BB0092C293 /* PlanetDetailsViewController.m */,
				DA13CA24186D011C00F8280A /* PlanetPositionTableViewController.h */,
				DA13CA25186D011C00F8280A /* PlanetPositionTableViewController.m */,
				DA13CA28186D016E00F8280A /* PlanetPositionPlanetListTableViewCell.h */,
				DA13CA29186D016E00F8280A /* PlanetPositionPlanetListTableViewCell.m */,
			);
			name = "View Controllers";
			sourceTree = "<group>";
		};
		DABE3C73186E58D6003C93E9 /* PGRDateHelpers */ = {
			isa = PBXGroup;
			children = (
				DABE3C6F186E58D0003C93E9 /* PGRDateHelpers.h */,
				DABE3C70186E58D0003C93E9 /* PGRDateHelpers.m */,
			);
			name = PGRDateHelpers;
			sourceTree = "<group>";
		};
		DABE3C78186E6341003C93E9 /* Model Objects */ = {
			isa = PBXGroup;
			children = (
				DA13CA2C186D048100F8280A /* PlanetPositionPlanetsGroup.h */,
				DA13CA2D186D048100F8280A /* PlanetPositionPlanetsGroup.m */,
				DABE3C74186E5F78003C93E9 /* PGPlanetDetails.h */,
				DABE3C75186E5F78003C93E9 /* PGPlanetDetails.m */,
				DABE3C79186E75C6003C93E9 /* AstroDateGroup.h */,
				DABE3C7A186E75C6003C93E9 /* AstroDateGroup.m */,
			);
			name = "Model Objects";
			sourceTree = "<group>";
		};
		DAF3C882186A7C9700AA2E24 = {
			isa = PBXGroup;
			children = (
				DA03303A186AA57000C95162 /* LICENSE */,
				DA03303B186AA57000C95162 /* README.md */,
				DAF3C894186A7C9700AA2E24 /* PlanetPosition */,
				DAF3C8B3186A7C9700AA2E24 /* PlanetPositionTests */,
				DAF3C88D186A7C9700AA2E24 /* Frameworks */,
				DAF3C88C186A7C9700AA2E24 /* Products */,
			);
			sourceTree = "<group>";
		};
		DAF3C88C186A7C9700AA2E24 /* Products */ = {
			isa = PBXGroup;
			children = (
				DAF3C88B186A7C9700AA2E24 /* Planet Pos.app */,
				DAF3C8AC186A7C9700AA2E24 /* PlanetPositionTests.xctest */,
			);
			name = Products;
			sourceTree = "<group>";
		};
		DAF3C88D186A7C9700AA2E24 /* Frameworks */ = {
			isa = PBXGroup;
			children = (
				DAF3C88E186A7C9700AA2E24 /* Foundation.framework */,
				DAF3C890186A7C9700AA2E24 /* CoreGraphics.framework */,
				DAF3C892186A7C9700AA2E24 /* UIKit.framework */,
				DAF3C8AD186A7C9700AA2E24 /* XCTest.framework */,
			);
			name = Frameworks;
			sourceTree = "<group>";
		};
		DAF3C894186A7C9700AA2E24 /* PlanetPosition */ = {
			isa = PBXGroup;
			children = (
				DABE3C73186E58D6003C93E9 /* PGRDateHelpers */,
				DABE3C6D186E4EEE003C93E9 /* PGRMathHelpers */,
				DA13CA1A186CD24400F8280A /* PGRAstro */,
				DABE3C6E186E563D003C93E9 /* View Controllers */,
				DABE3C78186E6341003C93E9 /* Model Objects */,
				DAF3C89D186A7C9700AA2E24 /* PlanetPositionAppDelegate.h */,
				DAF3C89E186A7C9700AA2E24 /* PlanetPositionAppDelegate.m */,
				DAF3C8A0186A7C9700AA2E24 /* Main.storyboard */,
				DAF3C8A6186A7C9700AA2E24 /* Images.xcassets */,
				DAF3C895186A7C9700AA2E24 /* Supporting Files */,
			);
			path = PlanetPosition;
			sourceTree = "<group>";
		};
		DAF3C895186A7C9700AA2E24 /* Supporting Files */ = {
			isa = PBXGroup;
			children = (
				DAF3C896186A7C9700AA2E24 /* PlanetPosition-Info.plist */,
				DAF3C897186A7C9700AA2E24 /* InfoPlist.strings */,
				DAF3C89A186A7C9700AA2E24 /* main.m */,
				DAF3C89C186A7C9700AA2E24 /* PlanetPosition-Prefix.pch */,
			);
			name = "Supporting Files";
			sourceTree = "<group>";
		};
		DAF3C8B3186A7C9700AA2E24 /* PlanetPositionTests */ = {
			isa = PBXGroup;
			children = (
				DA5D53CB1871217A00387883 /* TestRascAndDeclStrings.m */,
				DA5D53C9187119A800387883 /* TestUTCDateComponents.m */,
				DAA7A327187080EC00056962 /* TestPlanetGroup.m */,
				DA6231B1186FBA7600EAD158 /* TestAstroDateGroup.m */,
				DA6231AF186FB7E200EAD158 /* TestPlanetDetails.m */,
				DA0CFE40186E12860031629C /* TestThelemicYear.m */,
				DA0CFE3E186DFD570031629C /* TestMakeRoman.m */,
				DA13CA18186C8E8B00F8280A /* TestPlanetPositions.m */,
				DAF3C8CF186A990600AA2E24 /* TestJulianDay.m */,
				DAF3C8CD186A96D900AA2E24 /* TestZodiacNames.m */,
				DAF3C8CB186A95B700AA2E24 /* TestRascToZodiac.m */,
				DAF3C8C9186A932800AA2E24 /* TestKepler.m */,
				DAF3C8C7186A916800AA2E24 /* TestNormalizeDegrees.m */,
				DAF3C8B4186A7C9700AA2E24 /* Supporting Files */,
			);
			path = PlanetPositionTests;
			sourceTree = "<group>";
		};
		DAF3C8B4186A7C9700AA2E24 /* Supporting Files */ = {
			isa = PBXGroup;
			children = (
				DAF3C8B5186A7C9700AA2E24 /* PlanetPositionTests-Info.plist */,
				DAF3C8B6186A7C9700AA2E24 /* InfoPlist.strings */,
			);
			name = "Supporting Files";
			sourceTree = "<group>";
		};
/* End PBXGroup section */

/* Begin PBXNativeTarget section */
		DAF3C88A186A7C9700AA2E24 /* PlanetPosition */ = {
			isa = PBXNativeTarget;
			buildConfigurationList = DAF3C8BD186A7C9700AA2E24 /* Build configuration list for PBXNativeTarget "PlanetPosition" */;
			buildPhases = (
				DAF3C887186A7C9700AA2E24 /* Sources */,
				DAF3C888186A7C9700AA2E24 /* Frameworks */,
				DAF3C889186A7C9700AA2E24 /* Resources */,
			);
			buildRules = (
			);
			dependencies = (
			);
			name = PlanetPosition;
			productName = PlanetPosition;
			productReference = DAF3C88B186A7C9700AA2E24 /* Planet Pos.app */;
			productType = "com.apple.product-type.application";
		};
		DAF3C8AB186A7C9700AA2E24 /* PlanetPositionTests */ = {
			isa = PBXNativeTarget;
			buildConfigurationList = DAF3C8C0186A7C9700AA2E24 /* Build configuration list for PBXNativeTarget "PlanetPositionTests" */;
			buildPhases = (
				DAF3C8A8186A7C9700AA2E24 /* Sources */,
				DAF3C8A9186A7C9700AA2E24 /* Frameworks */,
				DAF3C8AA186A7C9700AA2E24 /* Resources */,
			);
			buildRules = (
			);
			dependencies = (
				DAF3C8B2186A7C9700AA2E24 /* PBXTargetDependency */,
			);
			name = PlanetPositionTests;
			productName = PlanetPositionTests;
			productReference = DAF3C8AC186A7C9700AA2E24 /* PlanetPositionTests.xctest */;
			productType = "com.apple.product-type.bundle.unit-test";
		};
/* End PBXNativeTarget section */

/* Begin PBXProject section */
		DAF3C883186A7C9700AA2E24 /* Project object */ = {
			isa = PBXProject;
			attributes = {
				CLASSPREFIX = PlanetPosition;
				LastUpgradeCheck = 0500;
				ORGANIZATIONNAME = "Paul Griffiths";
				TargetAttributes = {
					DAF3C88A186A7C9700AA2E24 = {
						DevelopmentTeam = 4P8U8AF888;
					};
					DAF3C8AB186A7C9700AA2E24 = {
						TestTargetID = DAF3C88A186A7C9700AA2E24;
					};
				};
			};
			buildConfigurationList = DAF3C886186A7C9700AA2E24 /* Build configuration list for PBXProject "planet-pos" */;
			compatibilityVersion = "Xcode 3.2";
			developmentRegion = English;
			hasScannedForEncodings = 0;
			knownRegions = (
				en,
				Base,
			);
			mainGroup = DAF3C882186A7C9700AA2E24;
			productRefGroup = DAF3C88C186A7C9700AA2E24 /* Products */;
			projectDirPath = "";
			projectRoot = "";
			targets = (
				DAF3C88A186A7C9700AA2E24 /* PlanetPosition */,
				DAF3C8AB186A7C9700AA2E24 /* PlanetPositionTests */,
			);
		};
/* End PBXProject section */

/* Begin PBXResourcesBuildPhase section */
		DAF3C889186A7C9700AA2E24 /* Resources */ = {
			isa = PBXResourcesBuildPhase;
			buildActionMask = 2147483647;
			files = (
				DAF3C8A7186A7C9700AA2E24 /* Images.xcassets in Resources */,
				DAF3C899186A7C9700AA2E24 /* InfoPlist.strings in Resources */,
				DA03303D186AA57000C95162 /* README.md in Resources */,
				DA03303C186AA57000C95162 /* LICENSE in Resources */,
				DAF3C8A2186A7C9700AA2E24 /* Main.storyboard in Resources */,
			);
			runOnlyForDeploymentPostprocessing = 0;
		};
		DAF3C8AA186A7C9700AA2E24 /* Resources */ = {
			isa = PBXResourcesBuildPhase;
			buildActionMask = 2147483647;
			files = (
				DAF3C8B8186A7C9700AA2E24 /* InfoPlist.strings in Resources */,
			);
			runOnlyForDeploymentPostprocessing = 0;
		};
/* End PBXResourcesBuildPhase section */

/* Begin PBXSourcesBuildPhase section */
		DAF3C887186A7C9700AA2E24 /* Sources */ = {
			isa = PBXSourcesBuildPhase;
			buildActionMask = 2147483647;
			files = (
				DA13CA26186D011C00F8280A /* PlanetPositionTableViewController.m in Sources */,
				DA621AD6186D58BB0092C293 /* PlanetDetailsViewController.m in Sources */,
				DA13CA1E186CD56000F8280A /* PGRAstroMoonBase.m in Sources */,
				DA0BF4FB186C79A400EBF1AE /* PGRAstroMajorBody.m in Sources */,
				DA13CA2E186D048100F8280A /* PlanetPositionPlanetsGroup.m in Sources */,
				DAF3C89B186A7C9700AA2E24 /* main.m in Sources */,
				DA13CA2A186D016E00F8280A /* PlanetPositionPlanetListTableViewCell.m in Sources */,
				DABE3C7B186E75C6003C93E9 /* AstroDateGroup.m in Sources */,
				DAF3C8C5186A80F800AA2E24 /* PGRAstroGeneral.m in Sources */,
				DABE3C6B186E4EE5003C93E9 /* PGRMathHelpers.m in Sources */,
				DA0BF4FF186C79BE00EBF1AE /* PGRAstroPlanets.m in Sources */,
				DA13CA22186CE0F200F8280A /* PGRAstroMoon.m in Sources */,
				DA0CFE3D186DEC1C0031629C /* PPDateViewController.m in Sources */,
				DA0BF4F7186C775D00EBF1AE /* PGRAstroPlanet.m in Sources */,
				DABE3C76186E5F78003C93E9 /* PGPlanetDetails.m in Sources */,
				DAF3C89F186A7C9700AA2E24 /* PlanetPositionAppDelegate.m in Sources */,
				DABE3C71186E58D0003C93E9 /* PGRDateHelpers.m in Sources */,
			);
			runOnlyForDeploymentPostprocessing = 0;
		};
		DAF3C8A8186A7C9700AA2E24 /* Sources */ = {
			isa = PBXSourcesBuildPhase;
			buildActionMask = 2147483647;
			files = (
				DA13CA1F186CD56000F8280A /* PGRAstroMoonBase.m in Sources */,
				DA0BF4FC186C79A400EBF1AE /* PGRAstroMajorBody.m in Sources */,
				DAF3C8CC186A95B700AA2E24 /* TestRascToZodiac.m in Sources */,
				DAF3C8C8186A916800AA2E24 /* TestNormalizeDegrees.m in Sources */,
				DABE3C77186E5F78003C93E9 /* PGPlanetDetails.m in Sources */,
				DA13CA2F186D048100F8280A /* PlanetPositionPlanetsGroup.m in Sources */,
				DA0CFE41186E12860031629C /* TestThelemicYear.m in Sources */,
				DA13CA2B186D016E00F8280A /* PlanetPositionPlanetListTableViewCell.m in Sources */,
				DA13CA27186D011C00F8280A /* PlanetPositionTableViewController.m in Sources */,
				DA5D53CC1871217B00387883 /* TestRascAndDeclStrings.m in Sources */,
				DA0CFE3F186DFD570031629C /* TestMakeRoman.m in Sources */,
				DABE3C6C186E4EE5003C93E9 /* PGRMathHelpers.m in Sources */,
				DA6231B2186FBA7600EAD158 /* TestAstroDateGroup.m in Sources */,
				DA13CA19186C8E8B00F8280A /* TestPlanetPositions.m in Sources */,
				DAF3C8CE186A96D900AA2E24 /* TestZodiacNames.m in Sources */,
				DAF3C8D0186A990600AA2E24 /* TestJulianDay.m in Sources */,
				DABE3C72186E58D0003C93E9 /* PGRDateHelpers.m in Sources */,
				DAF3C8CA186A932800AA2E24 /* TestKepler.m in Sources */,
				DA0BF4F8186C775D00EBF1AE /* PGRAstroPlanet.m in Sources */,
				DA13CA23186CE0F200F8280A /* PGRAstroMoon.m in Sources */,
				DABE3C7C186E75C6003C93E9 /* AstroDateGroup.m in Sources */,
				DA5D53CA187119A800387883 /* TestUTCDateComponents.m in Sources */,
				DA6231B0186FB7E200EAD158 /* TestPlanetDetails.m in Sources */,
				DA0BF500186C79BE00EBF1AE /* PGRAstroPlanets.m in Sources */,
				DAF3C8C6186A80F800AA2E24 /* PGRAstroGeneral.m in Sources */,
				DAA7A328187080EC00056962 /* TestPlanetGroup.m in Sources */,
			);
			runOnlyForDeploymentPostprocessing = 0;
		};
/* End PBXSourcesBuildPhase section */

/* Begin PBXTargetDependency section */
		DAF3C8B2186A7C9700AA2E24 /* PBXTargetDependency */ = {
			isa = PBXTargetDependency;
			target = DAF3C88A186A7C9700AA2E24 /* PlanetPosition */;
			targetProxy = DAF3C8B1186A7C9700AA2E24 /* PBXContainerItemProxy */;
		};
/* End PBXTargetDependency section */

/* Begin PBXVariantGroup section */
		DAF3C897186A7C9700AA2E24 /* InfoPlist.strings */ = {
			isa = PBXVariantGroup;
			children = (
				DAF3C898186A7C9700AA2E24 /* en */,
			);
			name = InfoPlist.strings;
			sourceTree = "<group>";
		};
		DAF3C8A0186A7C9700AA2E24 /* Main.storyboard */ = {
			isa = PBXVariantGroup;
			children = (
				DAF3C8A1186A7C9700AA2E24 /* Base */,
			);
			name = Main.storyboard;
			sourceTree = "<group>";
		};
		DAF3C8B6186A7C9700AA2E24 /* InfoPlist.strings */ = {
			isa = PBXVariantGroup;
			children = (
				DAF3C8B7186A7C9700AA2E24 /* en */,
			);
			name = InfoPlist.strings;
			sourceTree = "<group>";
		};
/* End PBXVariantGroup section */

/* Begin XCBuildConfiguration section */
		DAF3C8BB186A7C9700AA2E24 /* Debug */ = {
			isa = XCBuildConfiguration;
			buildSettings = {
				ALWAYS_SEARCH_USER_PATHS = NO;
				ARCHS = "$(ARCHS_STANDARD_INCLUDING_64_BIT)";
				CLANG_CXX_LANGUAGE_STANDARD = "gnu++0x";
				CLANG_CXX_LIBRARY = "libc++";
				CLANG_ENABLE_MODULES = YES;
				CLANG_ENABLE_OBJC_ARC = YES;
				CLANG_WARN_BOOL_CONVERSION = YES;
				CLANG_WARN_CONSTANT_CONVERSION = YES;
				CLANG_WARN_DIRECT_OBJC_ISA_USAGE = YES_ERROR;
				CLANG_WARN_EMPTY_BODY = YES;
				CLANG_WARN_ENUM_CONVERSION = YES;
				CLANG_WARN_INT_CONVERSION = YES;
				CLANG_WARN_OBJC_ROOT_CLASS = YES_ERROR;
				CLANG_WARN__DUPLICATE_METHOD_MATCH = YES;
				"CODE_SIGN_IDENTITY[sdk=iphoneos*]" = "iPhone Developer";
				COPY_PHASE_STRIP = NO;
				GCC_C_LANGUAGE_STANDARD = gnu99;
				GCC_DYNAMIC_NO_PIC = NO;
				GCC_OPTIMIZATION_LEVEL = 0;
				GCC_PREPROCESSOR_DEFINITIONS = (
					"DEBUG=1",
					"$(inherited)",
				);
				GCC_SYMBOLS_PRIVATE_EXTERN = NO;
				GCC_WARN_64_TO_32_BIT_CONVERSION = YES;
				GCC_WARN_ABOUT_RETURN_TYPE = YES_ERROR;
				GCC_WARN_UNDECLARED_SELECTOR = YES;
				GCC_WARN_UNINITIALIZED_AUTOS = YES;
				GCC_WARN_UNUSED_FUNCTION = YES;
				GCC_WARN_UNUSED_VARIABLE = YES;
				IPHONEOS_DEPLOYMENT_TARGET = 7.0;
				ONLY_ACTIVE_ARCH = YES;
				SDKROOT = iphoneos;
			};
			name = Debug;
		};
		DAF3C8BC186A7C9700AA2E24 /* Release */ = {
			isa = XCBuildConfiguration;
			buildSettings = {
				ALWAYS_SEARCH_USER_PATHS = NO;
				ARCHS = "$(ARCHS_STANDARD_INCLUDING_64_BIT)";
				CLANG_CXX_LANGUAGE_STANDARD = "gnu++0x";
				CLANG_CXX_LIBRARY = "libc++";
				CLANG_ENABLE_MODULES = YES;
				CLANG_ENABLE_OBJC_ARC = YES;
				CLANG_WARN_BOOL_CONVERSION = YES;
				CLANG_WARN_CONSTANT_CONVERSION = YES;
				CLANG_WARN_DIRECT_OBJC_ISA_USAGE = YES_ERROR;
				CLANG_WARN_EMPTY_BODY = YES;
				CLANG_WARN_ENUM_CONVERSION = YES;
				CLANG_WARN_INT_CONVERSION = YES;
				CLANG_WARN_OBJC_ROOT_CLASS = YES_ERROR;
				CLANG_WARN__DUPLICATE_METHOD_MATCH = YES;
				"CODE_SIGN_IDENTITY[sdk=iphoneos*]" = "iPhone Developer";
				COPY_PHASE_STRIP = YES;
				ENABLE_NS_ASSERTIONS = NO;
				GCC_C_LANGUAGE_STANDARD = gnu99;
				GCC_WARN_64_TO_32_BIT_CONVERSION = YES;
				GCC_WARN_ABOUT_RETURN_TYPE = YES_ERROR;
				GCC_WARN_UNDECLARED_SELECTOR = YES;
				GCC_WARN_UNINITIALIZED_AUTOS = YES;
				GCC_WARN_UNUSED_FUNCTION = YES;
				GCC_WARN_UNUSED_VARIABLE = YES;
				IPHONEOS_DEPLOYMENT_TARGET = 7.0;
				SDKROOT = iphoneos;
				VALIDATE_PRODUCT = YES;
			};
			name = Release;
		};
		DAF3C8BE186A7C9700AA2E24 /* Debug */ = {
			isa = XCBuildConfiguration;
			buildSettings = {
				ASSETCATALOG_COMPILER_APPICON_NAME = AppIcon;
				ASSETCATALOG_COMPILER_LAUNCHIMAGE_NAME = LaunchImage;
				CLANG_WARN_SUSPICIOUS_IMPLICIT_CONVERSION = YES;
				CODE_SIGN_IDENTITY = "iPhone Developer";
				CURRENT_PROJECT_VERSION = 1.0;
				GCC_PRECOMPILE_PREFIX_HEADER = YES;
				GCC_PREFIX_HEADER = "PlanetPosition/PlanetPosition-Prefix.pch";
				GCC_WARN_SIGN_COMPARE = YES;
				INFOPLIST_FILE = "PlanetPosition/PlanetPosition-Info.plist";
				PRODUCT_NAME = "Planet Pos";
				TARGETED_DEVICE_FAMILY = 1;
				WRAPPER_EXTENSION = app;
			};
			name = Debug;
		};
		DAF3C8BF186A7C9700AA2E24 /* Release */ = {
			isa = XCBuildConfiguration;
			buildSettings = {
				ASSETCATALOG_COMPILER_APPICON_NAME = AppIcon;
				ASSETCATALOG_COMPILER_LAUNCHIMAGE_NAME = LaunchImage;
				CLANG_WARN_SUSPICIOUS_IMPLICIT_CONVERSION = YES;
				CODE_SIGN_IDENTITY = "iPhone Developer";
				CURRENT_PROJECT_VERSION = 1.0;
				GCC_PRECOMPILE_PREFIX_HEADER = YES;
				GCC_PREFIX_HEADER = "PlanetPosition/PlanetPosition-Prefix.pch";
				GCC_WARN_SIGN_COMPARE = YES;
				INFOPLIST_FILE = "PlanetPosition/PlanetPosition-Info.plist";
				PRODUCT_NAME = "Planet Pos";
				TARGETED_DEVICE_FAMILY = 1;
				WRAPPER_EXTENSION = app;
			};
			name = Release;
		};
		DAF3C8C1186A7C9700AA2E24 /* Debug */ = {
			isa = XCBuildConfiguration;
			buildSettings = {
				ARCHS = "$(ARCHS_STANDARD_INCLUDING_64_BIT)";
				BUNDLE_LOADER = "$(BUILT_PRODUCTS_DIR)/Planet Pos.app/Planet Pos";
				CLANG_WARN_DOCUMENTATION_COMMENTS = YES;
				FRAMEWORK_SEARCH_PATHS = (
					"$(SDKROOT)/Developer/Library/Frameworks",
					"$(inherited)",
					"$(DEVELOPER_FRAMEWORKS_DIR)",
				);
				GCC_PRECOMPILE_PREFIX_HEADER = YES;
				GCC_PREFIX_HEADER = "PlanetPosition/PlanetPosition-Prefix.pch";
				GCC_PREPROCESSOR_DEFINITIONS = (
					"DEBUG=1",
					"$(inherited)",
				);
				GCC_WARN_SHADOW = YES;
				GCC_WARN_UNUSED_PARAMETER = YES;
				INFOPLIST_FILE = "PlanetPositionTests/PlanetPositionTests-Info.plist";
				PRODUCT_NAME = "$(TARGET_NAME)";
				TEST_HOST = "$(BUNDLE_LOADER)";
				WRAPPER_EXTENSION = xctest;
			};
			name = Debug;
		};
		DAF3C8C2186A7C9700AA2E24 /* Release */ = {
			isa = XCBuildConfiguration;
			buildSettings = {
				ARCHS = "$(ARCHS_STANDARD_INCLUDING_64_BIT)";
				BUNDLE_LOADER = "$(BUILT_PRODUCTS_DIR)/Planet Pos.app/Planet Pos";
				CLANG_WARN_DOCUMENTATION_COMMENTS = YES;
				FRAMEWORK_SEARCH_PATHS = (
					"$(SDKROOT)/Developer/Library/Frameworks",
					"$(inherited)",
					"$(DEVELOPER_FRAMEWORKS_DIR)",
				);
				GCC_PRECOMPILE_PREFIX_HEADER = YES;
				GCC_PREFIX_HEADER = "PlanetPosition/PlanetPosition-Prefix.pch";
				GCC_WARN_SHADOW = YES;
				GCC_WARN_UNUSED_PARAMETER = YES;
				INFOPLIST_FILE = "PlanetPositionTests/PlanetPositionTests-Info.plist";
				PRODUCT_NAME = "$(TARGET_NAME)";
				TEST_HOST = "$(BUNDLE_LOADER)";
				WRAPPER_EXTENSION = xctest;
			};
			name = Release;
		};
/* End XCBuildConfiguration section */

/* Begin XCConfigurationList section */
		DAF3C886186A7C9700AA2E24 /* Build configuration list for PBXProject "planet-pos" */ = {
			isa = XCConfigurationList;
			buildConfigurations = (
				DAF3C8BB186A7C9700AA2E24 /* Debug */,
				DAF3C8BC186A7C9700AA2E24 /* Release */,
			);
			defaultConfigurationIsVisible = 0;
			defaultConfigurationName = Release;
		};
		DAF3C8BD186A7C9700AA2E24 /* Build configuration list for PBXNativeTarget "PlanetPosition" */ = {
			isa = XCConfigurationList;
			buildConfigurations = (
				DAF3C8BE186A7C9700AA2E24 /* Debug */,
				DAF3C8BF186A7C9700AA2E24 /* Release */,
			);
			defaultConfigurationIsVisible = 0;
			defaultConfigurationName = Release;
		};
		DAF3C8C0186A7C9700AA2E24 /* Build configuration list for PBXNativeTarget "PlanetPositionTests" */ = {
			isa = XCConfigurationList;
			buildConfigurations = (
				DAF3C8C1186A7C9700AA2E24 /* Debug */,
				DAF3C8C2186A7C9700AA2E24 /* Release */,
			);
			defaultConfigurationIsVisible = 0;
			defaultConfigurationName = Release;
		};
/* End XCConfigurationList section */
	};
	rootObject = DAF3C883186A7C9700AA2E24 /* Project object */;
}
